
Microsoft Visual Studio Solution File, Format Version 12.00
# Visual Studio 16
Project("{FAE04EC0-301F-11D3-BF4B-00C04F79EFBC}") = "Assembly-CSharp", "Assembly-CSharp.csproj", "{FBDECB76-AD65-22BC-0694-1D6E0E58DEC4}"
EndProject
Project("{FAE04EC0-301F-11D3-BF4B-00C04F79EFBC}") = "Assembly-CSharp-Editor", "Assembly-CSharp-Editor.csproj", "{4BBBEC9B-C905-D17B-D853-498E4B19DF46}"
EndProject
Global
	GlobalSection(SolutionConfigurationPlatforms) = preSolution
		Debug|Any CPU = Debug|Any CPU
		Release|Any CPU = Release|Any CPU
	EndGlobalSection
	GlobalSection(ProjectConfigurationPlatforms) = postSolution
		{FBDECB76-AD65-22BC-0694-1D6E0E58DEC4}.Debug|Any CPU.ActiveCfg = Debug|Any CPU
		{FBDECB76-AD65-22BC-0694-1D6E0E58DEC4}.Debug|Any CPU.Build.0 = Debug|Any CPU
		{FBDECB76-AD65-22BC-0694-1D6E0E58DEC4}.Release|Any CPU.ActiveCfg = Release|Any CPU
		{FBDECB76-AD65-22BC-0694-1D6E0E58DEC4}.Release|Any CPU.Build.0 = Release|Any CPU
		{4BBBEC9B-C905-D17B-D853-498E4B19DF46}.Debug|Any CPU.ActiveCfg = Debug|Any CPU
		{4BBBEC9B-C905-D17B-D853-498E4B19DF46}.Debug|Any CPU.Build.0 = Debug|Any CPU
		{4BBBEC9B-C905-D17B-D853-498E4B19DF46}.Release|Any CPU.ActiveCfg = Release|Any CPU
		{4BBBEC9B-C905-D17B-D853-498E4B19DF46}.Release|Any CPU.Build.0 = Release|Any CPU
	EndGlobalSection
	GlobalSection(SolutionProperties) = preSolution
		HideSolutionNode = FALSE
	EndGlobalSection
EndGlobal
